// !$*UTF8*$!
{
	archiveVersion = 1;
	classes = {
	};
	objectVersion = 46;
	objects = {

/* Begin PBXBuildFile section */
		929346A11CA8BC65004D7F8F /* main.m in Sources */ = {isa = PBXBuildFile; fileRef = 929346A01CA8BC65004D7F8F /* main.m */; };
		929346A91CA8BC7C004D7F8F /* person.m in Sources */ = {isa = PBXBuildFile; fileRef = 929346A81CA8BC7C004D7F8F /* person.m */; };
		929346AC1CA8C9BA004D7F8F /* Dog.m in Sources */ = {isa = PBXBuildFile; fileRef = 929346AB1CA8C9BA004D7F8F /* Dog.m */; };
/* End PBXBuildFile section */

/* Begin PBXCopyFilesBuildPhase section */
		9293469B1CA8BC65004D7F8F /* CopyFiles */ = {
			isa = PBXCopyFilesBuildPhase;
			buildActionMask = 2147483647;
			dstPath = /usr/share/man/man1/;
			dstSubfolderSpec = 0;
			files = (
			);
			runOnlyForDeploymentPostprocessing = 1;
		};
/* End PBXCopyFilesBuildPhase section */

/* Begin PBXFileReference section */
		9293469D1CA8BC65004D7F8F /* runtime2消息 */ = {isa = PBXFileReference; explicitFileType = "compiled.mach-o.executable"; includeInIndex = 0; path = "runtime2消息"; sourceTree = BUILT_PRODUCTS_DIR; };
		929346A01CA8BC65004D7F8F /* main.m */ = {isa = PBXFileReference; lastKnownFileType = sourcecode.c.objc; path = main.m; sourceTree = "<group>"; };
		929346A71CA8BC7C004D7F8F /* person.h */ = {isa = PBXFileReference; fileEncoding = 4; lastKnownFileType = sourcecode.c.h; path = person.h; sourceTree = "<group>"; };
		929346A81CA8BC7C004D7F8F /* person.m */ = {isa = PBXFileReference; fileEncoding = 4; lastKnownFileType = sourcecode.c.objc; path = person.m; sourceTree = "<group>"; };
		929346AA1CA8C9BA004D7F8F /* Dog.h */ = {isa = PBXFileReference; fileEncoding = 4; lastKnownFileType = sourcecode.c.h; path = Dog.h; sourceTree = "<group>"; };
		929346AB1CA8C9BA004D7F8F /* Dog.m */ = {isa = PBXFileReference; fileEncoding = 4; lastKnownFileType = sourcecode.c.objc; path = Dog.m; sourceTree = "<group>"; };
/* End PBXFileReference section */

/* Begin PBXFrameworksBuildPhase section */
		9293469A1CA8BC65004D7F8F /* Frameworks */ = {
			isa = PBXFrameworksBuildPhase;
			buildActionMask = 2147483647;
			files = (
			);
			runOnlyForDeploymentPostprocessing = 0;
		};
/* End PBXFrameworksBuildPhase section */

/* Begin PBXGroup section */
		929346941CA8BC65004D7F8F = {
			isa = PBXGroup;
			children = (
				9293469F1CA8BC65004D7F8F /* runtime2消息 */,
				9293469E1CA8BC65004D7F8F /* Products */,
			);
			sourceTree = "<group>";
		};
		9293469E1CA8BC65004D7F8F /* Products */ = {
			isa = PBXGroup;
			children = (
				9293469D1CA8BC65004D7F8F /* runtime2消息 */,
			);
			name = Products;
			sourceTree = "<group>";
		};
		9293469F1CA8BC65004D7F8F /* runtime2消息 */ = {
			isa = PBXGroup;
			children = (
				929346A01CA8BC65004D7F8F /* main.m */,
				929346A71CA8BC7C004D7F8F /* person.h */,
				929346A81CA8BC7C004D7F8F /* person.m */,
				929346AA1CA8C9BA004D7F8F /* Dog.h */,
				929346AB1CA8C9BA004D7F8F /* Dog.m */,
			);
			path = "runtime2消息";
			sourceTree = "<group>";
		};
/* End PBXGroup section */

/* Begin PBXNativeTarget section */
		9293469C1CA8BC65004D7F8F /* runtime2消息 */ = {
			isa = PBXNativeTarget;
			buildConfigurationList = 929346A41CA8BC65004D7F8F /* Build configuration list for PBXNativeTarget "runtime2消息" */;
			buildPhases = (
				929346991CA8BC65004D7F8F /* Sources */,
				9293469A1CA8BC65004D7F8F /* Frameworks */,
				9293469B1CA8BC65004D7F8F /* CopyFiles */,
			);
			buildRules = (
			);
			dependencies = (
			);
			name = "runtime2消息";
			productName = "runtime2消息";
			productReference = 9293469D1CA8BC65004D7F8F /* runtime2消息 */;
			productType = "com.apple.product-type.tool";
		};
/* End PBXNativeTarget section */

/* Begin PBXProject section */
		929346951CA8BC65004D7F8F /* Project object */ = {
			isa = PBXProject;
			attributes = {
				LastUpgradeCheck = 0720;
				ORGANIZATIONNAME = falcon;
				TargetAttributes = {
					9293469C1CA8BC65004D7F8F = {
						CreatedOnToolsVersion = 7.2;
					};
				};
			};
			buildConfigurationList = 929346981CA8BC65004D7F8F /* Build configuration list for PBXProject "runtime2消息" */;
			compatibilityVersion = "Xcode 3.2";
			developmentRegion = English;
			hasScannedForEncodings = 0;
			knownRegions = (
				en,
			);
			mainGroup = 929346941CA8BC65004D7F8F;
			productRefGroup = 9293469E1CA8BC65004D7F8F /* Products */;
			projectDirPath = "";
			projectRoot = "";
			targets = (
				9293469C1CA8BC65004D7F8F /* runtime2消息 */,
			);
		};
/* End PBXProject section */

/* Begin PBXSourcesBuildPhase section */
		929346991CA8BC65004D7F8F /* Sources */ = {
			isa = PBXSourcesBuildPhase;
			buildActionMask = 2147483647;
			files = (
				929346AC1CA8C9BA004D7F8F /* Dog.m in Sources */,
				929346A91CA8BC7C004D7F8F /* person.m in Sources */,
				929346A11CA8BC65004D7F8F /* main.m in Sources */,
			);
			runOnlyForDeploymentPostprocessing = 0;
		};
/* End PBXSourcesBuildPhase section */

/* Begin XCBuildConfiguration section */
		929346A21CA8BC65004D7F8F /* Debug */ = {
			isa = XCBuildConfiguration;
			buildSettings = {
				ALWAYS_SEARCH_USER_PATHS = NO;
				CLANG_CXX_LANGUAGE_STANDARD = "gnu++0x";
				CLANG_CXX_LIBRARY = "libc++";
				CLANG_ENABLE_MODULES = YES;
				CLANG_ENABLE_OBJC_ARC = YES;
				CLANG_WARN_BOOL_CONVERSION = YES;
				CLANG_WARN_CONSTANT_CONVERSION = YES;
				CLANG_WARN_DIRECT_OBJC_ISA_USAGE = YES_ERROR;
				CLANG_WARN_EMPTY_BODY = YES;
				CLANG_WARN_ENUM_CONVERSION = YES;
				CLANG_WARN_INT_CONVERSION = YES;
				CLANG_WARN_OBJC_ROOT_CLASS = YES_ERROR;
				CLANG_WARN_UNREACHABLE_CODE = YES;
				CLANG_WARN__DUPLICATE_METHOD_MATCH = YES;
				CODE_SIGN_IDENTITY = "-";
				COPY_PHASE_STRIP = NO;
				DEBUG_INFORMATION_FORMAT = dwarf;
				ENABLE_STRICT_OBJC_MSGSEND = YES;
				ENABLE_TESTABILITY = YES;
				GCC_C_LANGUAGE_STANDARD = gnu99;
				GCC_DYNAMIC_NO_PIC = NO;
				GCC_NO_COMMON_BLOCKS = YES;
				GCC_OPTIMIZATION_LEVEL = 0;
				GCC_PREPROCESSOR_DEFINITIONS = (
					"DEBUG=1",
					"$(inherited)",
				);
				GCC_WARN_64_TO_32_BIT_CONVERSION = YES;
				GCC_WARN_ABOUT_RETURN_TYPE = YES_ERROR;
				GCC_WARN_UNDECLARED_SELECTOR = YES;
				GCC_WARN_UNINITIALIZED_AUTOS = YES_AGGRESSIVE;
				GCC_WARN_UNUSED_FUNCTION = YES;
				GCC_WARN_UNUSED_VARIABLE = YES;
				MACOSX_DEPLOYMENT_TARGET = 10.11;
				MTL_ENABLE_DEBUG_INFO = YES;
				ONLY_ACTIVE_ARCH = YES;
				SDKROOT = macosx;
			};
			name = Debug;
		};
		929346A31CA8BC65004D7F8F /* Release */ = {
			isa = XCBuildConfiguration;
			buildSettings = {
				ALWAYS_SEARCH_USER_PATHS = NO;
				CLANG_CXX_LANGUAGE_STANDARD = "gnu++0x";
				CLANG_CXX_LIBRARY = "libc++";
				CLANG_ENABLE_MODULES = YES;
				CLANG_ENABLE_OBJC_ARC = YES;
				CLANG_WARN_BOOL_CONVERSION = YES;
				CLANG_WARN_CONSTANT_CONVERSION = YES;
				CLANG_WARN_DIRECT_OBJC_ISA_USAGE = YES_ERROR;
				CLANG_WARN_EMPTY_BODY = YES;
				CLANG_WARN_ENUM_CONVERSION = YES;
				CLANG_WARN_INT_CONVERSION = YES;
				CLANG_WARN_OBJC_ROOT_CLASS = YES_ERROR;
				CLANG_WARN_UNREACHABLE_CODE = YES;
				CLANG_WARN__DUPLICATE_METHOD_MATCH = YES;
				CODE_SIGN_IDENTITY = "-";
				COPY_PHASE_STRIP = NO;
				DEBUG_INFORMATION_FORMAT = "dwarf-with-dsym";
				ENABLE_NS_ASSERTIONS = NO;
				ENABLE_STRICT_OBJC_MSGSEND = YES;
				GCC_C_LANGUAGE_STANDARD = gnu99;
				GCC_NO_COMMON_BLOCKS = YES;
				GCC_WARN_64_TO_32_BIT_CONVERSION = YES;
				GCC_WARN_ABOUT_RETURN_TYPE = YES_ERROR;
				GCC_WARN_UNDECLARED_SELECTOR = YES;
				GCC_WARN_UNINITIALIZED_AUTOS = YES_AGGRESSIVE;
				GCC_WARN_UNUSED_FUNCTION = YES;
				GCC_WARN_UNUSED_VARIABLE = YES;
				MACOSX_DEPLOYMENT_TARGET = 10.11;
				MTL_ENABLE_DEBUG_INFO = NO;
				SDKROOT = macosx;
			};
			name = Release;
		};
		929346A51CA8BC65004D7F8F /* Debug */ = {
			isa = XCBuildConfiguration;
			buildSettings = {
				ENABLE_STRICT_OBJC_MSGSEND = NO;
				PRODUCT_NAME = "$(TARGET_NAME)";
			};
			name = Debug;
		};
		929346A61CA8BC65004D7F8F /* Release */ = {
			isa = XCBuildConfiguration;
			buildSettings = {
				ENABLE_STRICT_OBJC_MSGSEND = NO;
				PRODUCT_NAME = "$(TARGET_NAME)";
			};
			name = Release;
		};
/* End XCBuildConfiguration section */

/* Begin XCConfigurationList section */
		929346981CA8BC65004D7F8F /* Build configuration list for PBXProject "runtime2消息" */ = {
			isa = XCConfigurationList;
			buildConfigurations = (
				929346A21CA8BC65004D7F8F /* Debug */,
				929346A31CA8BC65004D7F8F /* Release */,
			);
			defaultConfigurationIsVisible = 0;
			defaultConfigurationName = Release;
		};
		929346A41CA8BC65004D7F8F /* Build configuration list for PBXNativeTarget "runtime2消息" */ = {
			isa = XCConfigurationList;
			buildConfigurations = (
				929346A51CA8BC65004D7F8F /* Debug */,
				929346A61CA8BC65004D7F8F /* Release */,
			);
			defaultConfigurationIsVisible = 0;
		};
/* End XCConfigurationList section */
	};
	rootObject = 929346951CA8BC65004D7F8F /* Project object */;
}
